// !$*UTF8*$!
{
	archiveVersion = 1;
	classes = {
	};
	objectVersion = 50;
	objects = {

/* Begin PBXBuildFile section */
		E3BFFEE125716D96000C63D6 /* AppDelegate.swift in Sources */ = {isa = PBXBuildFile; fileRef = E3BFFEE025716D96000C63D6 /* AppDelegate.swift */; };
		E3BFFEE325716D96000C63D6 /* SceneDelegate.swift in Sources */ = {isa = PBXBuildFile; fileRef = E3BFFEE225716D96000C63D6 /* SceneDelegate.swift */; };
		E3BFFEE525716D96000C63D6 /* ViewController.swift in Sources */ = {isa = PBXBuildFile; fileRef = E3BFFEE425716D96000C63D6 /* ViewController.swift */; };
		E3BFFEE825716D96000C63D6 /* Main.storyboard in Resources */ = {isa = PBXBuildFile; fileRef = E3BFFEE625716D96000C63D6 /* Main.storyboard */; };
		E3BFFEEA25716D99000C63D6 /* Assets.xcassets in Resources */ = {isa = PBXBuildFile; fileRef = E3BFFEE925716D99000C63D6 /* Assets.xcassets */; };
		E3BFFEED25716D99000C63D6 /* LaunchScreen.storyboard in Resources */ = {isa = PBXBuildFile; fileRef = E3BFFEEB25716D99000C63D6 /* LaunchScreen.storyboard */; };
		E3BFFEF825716D9A000C63D6 /* DropDownTests.swift in Sources */ = {isa = PBXBuildFile; fileRef = E3BFFEF725716D9A000C63D6 /* DropDownTests.swift */; };
		E3BFFF0325716D9A000C63D6 /* DropDownUITests.swift in Sources */ = {isa = PBXBuildFile; fileRef = E3BFFF0225716D9A000C63D6 /* DropDownUITests.swift */; };
		E3BFFF1125716DC6000C63D6 /* PopupPresentationManager.swift in Sources */ = {isa = PBXBuildFile; fileRef = E3BFFF1025716DC6000C63D6 /* PopupPresentationManager.swift */; };
		E3BFFF1325716E0B000C63D6 /* DimmedPopupPresentationController.swift in Sources */ = {isa = PBXBuildFile; fileRef = E3BFFF1225716E0B000C63D6 /* DimmedPopupPresentationController.swift */; };
		E3BFFF1525716E6F000C63D6 /* UIView+Extension.swift in Sources */ = {isa = PBXBuildFile; fileRef = E3BFFF1425716E6F000C63D6 /* UIView+Extension.swift */; };
		E3BFFF1725716EC2000C63D6 /* SlideInPresentationAnimator.swift in Sources */ = {isa = PBXBuildFile; fileRef = E3BFFF1625716EC2000C63D6 /* SlideInPresentationAnimator.swift */; };
		E3BFFF1B2571709C000C63D6 /* DropDownViewController.swift in Sources */ = {isa = PBXBuildFile; fileRef = E3BFFF1A2571709C000C63D6 /* DropDownViewController.swift */; };
		E3BFFF2525725D9A000C63D6 /* TableViewCell.swift in Sources */ = {isa = PBXBuildFile; fileRef = E3BFFF2425725D9A000C63D6 /* TableViewCell.swift */; };
		E3BFFF29257260E2000C63D6 /* LayoutAttributes.swift in Sources */ = {isa = PBXBuildFile; fileRef = E3BFFF27257260E2000C63D6 /* LayoutAttributes.swift */; };
		E3BFFF2A257260E2000C63D6 /* Layouts.swift in Sources */ = {isa = PBXBuildFile; fileRef = E3BFFF28257260E2000C63D6 /* Layouts.swift */; };
		E3BFFF3D2572616C000C63D6 /* UILabelFactory.swift in Sources */ = {isa = PBXBuildFile; fileRef = E3BFFF3A2572616C000C63D6 /* UILabelFactory.swift */; };
		E3BFFF3E2572616C000C63D6 /* UIImageViewFactory.swift in Sources */ = {isa = PBXBuildFile; fileRef = E3BFFF3B2572616C000C63D6 /* UIImageViewFactory.swift */; };
		E3BFFF3F2572616C000C63D6 /* UIStackViewFactory.swift in Sources */ = {isa = PBXBuildFile; fileRef = E3BFFF3C2572616C000C63D6 /* UIStackViewFactory.swift */; };
		E3BFFF412572BF69000C63D6 /* NavigationButton.swift in Sources */ = {isa = PBXBuildFile; fileRef = E3BFFF402572BF69000C63D6 /* NavigationButton.swift */; };
/* End PBXBuildFile section */

/* Begin PBXContainerItemProxy section */
		E3BFFEF425716D9A000C63D6 /* PBXContainerItemProxy */ = {
			isa = PBXContainerItemProxy;
			containerPortal = E3BFFED525716D96000C63D6 /* Project object */;
			proxyType = 1;
			remoteGlobalIDString = E3BFFEDC25716D96000C63D6;
			remoteInfo = DropDown;
		};
		E3BFFEFF25716D9A000C63D6 /* PBXContainerItemProxy */ = {
			isa = PBXContainerItemProxy;
			containerPortal = E3BFFED525716D96000C63D6 /* Project object */;
			proxyType = 1;
			remoteGlobalIDString = E3BFFEDC25716D96000C63D6;
			remoteInfo = DropDown;
		};
/* End PBXContainerItemProxy section */

/* Begin PBXFileReference section */
		E3BFFEDD25716D96000C63D6 /* DropDown.app */ = {isa = PBXFileReference; explicitFileType = wrapper.application; includeInIndex = 0; path = DropDown.app; sourceTree = BUILT_PRODUCTS_DIR; };
		E3BFFEE025716D96000C63D6 /* AppDelegate.swift */ = {isa = PBXFileReference; lastKnownFileType = sourcecode.swift; path = AppDelegate.swift; sourceTree = "<group>"; };
		E3BFFEE225716D96000C63D6 /* SceneDelegate.swift */ = {isa = PBXFileReference; lastKnownFileType = sourcecode.swift; path = SceneDelegate.swift; sourceTree = "<group>"; };
		E3BFFEE425716D96000C63D6 /* ViewController.swift */ = {isa = PBXFileReference; lastKnownFileType = sourcecode.swift; path = ViewController.swift; sourceTree = "<group>"; };
		E3BFFEE725716D96000C63D6 /* Base */ = {isa = PBXFileReference; lastKnownFileType = file.storyboard; name = Base; path = Base.lproj/Main.storyboard; sourceTree = "<group>"; };
		E3BFFEE925716D99000C63D6 /* Assets.xcassets */ = {isa = PBXFileReference; lastKnownFileType = folder.assetcatalog; path = Assets.xcassets; sourceTree = "<group>"; };
		E3BFFEEC25716D99000C63D6 /* Base */ = {isa = PBXFileReference; lastKnownFileType = file.storyboard; name = Base; path = Base.lproj/LaunchScreen.storyboard; sourceTree = "<group>"; };
		E3BFFEEE25716D99000C63D6 /* Info.plist */ = {isa = PBXFileReference; lastKnownFileType = text.plist.xml; path = Info.plist; sourceTree = "<group>"; };
		E3BFFEF325716D9A000C63D6 /* DropDownTests.xctest */ = {isa = PBXFileReference; explicitFileType = wrapper.cfbundle; includeInIndex = 0; path = DropDownTests.xctest; sourceTree = BUILT_PRODUCTS_DIR; };
		E3BFFEF725716D9A000C63D6 /* DropDownTests.swift */ = {isa = PBXFileReference; lastKnownFileType = sourcecode.swift; path = DropDownTests.swift; sourceTree = "<group>"; };
		E3BFFEF925716D9A000C63D6 /* Info.plist */ = {isa = PBXFileReference; lastKnownFileType = text.plist.xml; path = Info.plist; sourceTree = "<group>"; };
		E3BFFEFE25716D9A000C63D6 /* DropDownUITests.xctest */ = {isa = PBXFileReference; explicitFileType = wrapper.cfbundle; includeInIndex = 0; path = DropDownUITests.xctest; sourceTree = BUILT_PRODUCTS_DIR; };
		E3BFFF0225716D9A000C63D6 /* DropDownUITests.swift */ = {isa = PBXFileReference; lastKnownFileType = sourcecode.swift; path = DropDownUITests.swift; sourceTree = "<group>"; };
		E3BFFF0425716D9A000C63D6 /* Info.plist */ = {isa = PBXFileReference; lastKnownFileType = text.plist.xml; path = Info.plist; sourceTree = "<group>"; };
		E3BFFF1025716DC6000C63D6 /* PopupPresentationManager.swift */ = {isa = PBXFileReference; lastKnownFileType = sourcecode.swift; path = PopupPresentationManager.swift; sourceTree = "<group>"; };
		E3BFFF1225716E0B000C63D6 /* DimmedPopupPresentationController.swift */ = {isa = PBXFileReference; lastKnownFileType = sourcecode.swift; path = DimmedPopupPresentationController.swift; sourceTree = "<group>"; };
		E3BFFF1425716E6F000C63D6 /* UIView+Extension.swift */ = {isa = PBXFileReference; lastKnownFileType = sourcecode.swift; path = "UIView+Extension.swift"; sourceTree = "<group>"; };
		E3BFFF1625716EC2000C63D6 /* SlideInPresentationAnimator.swift */ = {isa = PBXFileReference; lastKnownFileType = sourcecode.swift; path = SlideInPresentationAnimator.swift; sourceTree = "<group>"; };
		E3BFFF1A2571709C000C63D6 /* DropDownViewController.swift */ = {isa = PBXFileReference; lastKnownFileType = sourcecode.swift; path = DropDownViewController.swift; sourceTree = "<group>"; };
		E3BFFF2425725D9A000C63D6 /* TableViewCell.swift */ = {isa = PBXFileReference; lastKnownFileType = sourcecode.swift; path = TableViewCell.swift; sourceTree = "<group>"; };
		E3BFFF27257260E2000C63D6 /* LayoutAttributes.swift */ = {isa = PBXFileReference; fileEncoding = 4; lastKnownFileType = sourcecode.swift; path = LayoutAttributes.swift; sourceTree = "<group>"; };
		E3BFFF28257260E2000C63D6 /* Layouts.swift */ = {isa = PBXFileReference; fileEncoding = 4; lastKnownFileType = sourcecode.swift; path = Layouts.swift; sourceTree = "<group>"; };
		E3BFFF3A2572616C000C63D6 /* UILabelFactory.swift */ = {isa = PBXFileReference; fileEncoding = 4; lastKnownFileType = sourcecode.swift; path = UILabelFactory.swift; sourceTree = "<group>"; };
		E3BFFF3B2572616C000C63D6 /* UIImageViewFactory.swift */ = {isa = PBXFileReference; fileEncoding = 4; lastKnownFileType = sourcecode.swift; path = UIImageViewFactory.swift; sourceTree = "<group>"; };
		E3BFFF3C2572616C000C63D6 /* UIStackViewFactory.swift */ = {isa = PBXFileReference; fileEncoding = 4; lastKnownFileType = sourcecode.swift; path = UIStackViewFactory.swift; sourceTree = "<group>"; };
		E3BFFF402572BF69000C63D6 /* NavigationButton.swift */ = {isa = PBXFileReference; lastKnownFileType = sourcecode.swift; path = NavigationButton.swift; sourceTree = "<group>"; };
/* End PBXFileReference section */

/* Begin PBXFrameworksBuildPhase section */
		E3BFFEDA25716D96000C63D6 /* Frameworks */ = {
			isa = PBXFrameworksBuildPhase;
			buildActionMask = 2147483647;
			files = (
			);
			runOnlyForDeploymentPostprocessing = 0;
		};
		E3BFFEF025716D9A000C63D6 /* Frameworks */ = {
			isa = PBXFrameworksBuildPhase;
			buildActionMask = 2147483647;
			files = (
			);
			runOnlyForDeploymentPostprocessing = 0;
		};
		E3BFFEFB25716D9A000C63D6 /* Frameworks */ = {
			isa = PBXFrameworksBuildPhase;
			buildActionMask = 2147483647;
			files = (
			);
			runOnlyForDeploymentPostprocessing = 0;
		};
/* End PBXFrameworksBuildPhase section */

/* Begin PBXGroup section */
		E3BFFED425716D96000C63D6 = {
			isa = PBXGroup;
			children = (
				E3BFFEDF25716D96000C63D6 /* DropDown */,
				E3BFFEF625716D9A000C63D6 /* DropDownTests */,
				E3BFFF0125716D9A000C63D6 /* DropDownUITests */,
				E3BFFEDE25716D96000C63D6 /* Products */,
			);
			sourceTree = "<group>";
		};
		E3BFFEDE25716D96000C63D6 /* Products */ = {
			isa = PBXGroup;
			children = (
				E3BFFEDD25716D96000C63D6 /* DropDown.app */,
				E3BFFEF325716D9A000C63D6 /* DropDownTests.xctest */,
				E3BFFEFE25716D9A000C63D6 /* DropDownUITests.xctest */,
			);
			name = Products;
			sourceTree = "<group>";
		};
		E3BFFEDF25716D96000C63D6 /* DropDown */ = {
			isa = PBXGroup;
			children = (
				E3BFFEE025716D96000C63D6 /* AppDelegate.swift */,
				E3BFFEE225716D96000C63D6 /* SceneDelegate.swift */,
				E3BFFEE425716D96000C63D6 /* ViewController.swift */,
				E3BFFF1025716DC6000C63D6 /* PopupPresentationManager.swift */,
				E3BFFF1225716E0B000C63D6 /* DimmedPopupPresentationController.swift */,
				E3BFFF1625716EC2000C63D6 /* SlideInPresentationAnimator.swift */,
				E3BFFF1A2571709C000C63D6 /* DropDownViewController.swift */,
				E3BFFF2425725D9A000C63D6 /* TableViewCell.swift */,
				E3BFFF402572BF69000C63D6 /* NavigationButton.swift */,
				E3BFFF1425716E6F000C63D6 /* UIView+Extension.swift */,
				E3BFFF392572616C000C63D6 /* Factories */,
				E3BFFF26257260E2000C63D6 /* Layout */,
				E3BFFEE625716D96000C63D6 /* Main.storyboard */,
				E3BFFEE925716D99000C63D6 /* Assets.xcassets */,
				E3BFFEEB25716D99000C63D6 /* LaunchScreen.storyboard */,
				E3BFFEEE25716D99000C63D6 /* Info.plist */,
			);
			path = DropDown;
			sourceTree = "<group>";
		};
		E3BFFEF625716D9A000C63D6 /* DropDownTests */ = {
			isa = PBXGroup;
			children = (
				E3BFFEF725716D9A000C63D6 /* DropDownTests.swift */,
				E3BFFEF925716D9A000C63D6 /* Info.plist */,
			);
			path = DropDownTests;
			sourceTree = "<group>";
		};
		E3BFFF0125716D9A000C63D6 /* DropDownUITests */ = {
			isa = PBXGroup;
			children = (
				E3BFFF0225716D9A000C63D6 /* DropDownUITests.swift */,
				E3BFFF0425716D9A000C63D6 /* Info.plist */,
			);
			path = DropDownUITests;
			sourceTree = "<group>";
		};
		E3BFFF26257260E2000C63D6 /* Layout */ = {
			isa = PBXGroup;
			children = (
				E3BFFF27257260E2000C63D6 /* LayoutAttributes.swift */,
				E3BFFF28257260E2000C63D6 /* Layouts.swift */,
			);
			path = Layout;
			sourceTree = "<group>";
		};
		E3BFFF392572616C000C63D6 /* Factories */ = {
			isa = PBXGroup;
			children = (
				E3BFFF3A2572616C000C63D6 /* UILabelFactory.swift */,
				E3BFFF3B2572616C000C63D6 /* UIImageViewFactory.swift */,
				E3BFFF3C2572616C000C63D6 /* UIStackViewFactory.swift */,
			);
			path = Factories;
			sourceTree = "<group>";
		};
/* End PBXGroup section */

/* Begin PBXNativeTarget section */
		E3BFFEDC25716D96000C63D6 /* DropDown */ = {
			isa = PBXNativeTarget;
			buildConfigurationList = E3BFFF0725716D9A000C63D6 /* Build configuration list for PBXNativeTarget "DropDown" */;
			buildPhases = (
				E3BFFED925716D96000C63D6 /* Sources */,
				E3BFFEDA25716D96000C63D6 /* Frameworks */,
				E3BFFEDB25716D96000C63D6 /* Resources */,
			);
			buildRules = (
			);
			dependencies = (
			);
			name = DropDown;
			productName = DropDown;
			productReference = E3BFFEDD25716D96000C63D6 /* DropDown.app */;
			productType = "com.apple.product-type.application";
		};
		E3BFFEF225716D9A000C63D6 /* DropDownTests */ = {
			isa = PBXNativeTarget;
			buildConfigurationList = E3BFFF0A25716D9A000C63D6 /* Build configuration list for PBXNativeTarget "DropDownTests" */;
			buildPhases = (
				E3BFFEEF25716D9A000C63D6 /* Sources */,
				E3BFFEF025716D9A000C63D6 /* Frameworks */,
				E3BFFEF125716D9A000C63D6 /* Resources */,
			);
			buildRules = (
			);
			dependencies = (
				E3BFFEF525716D9A000C63D6 /* PBXTargetDependency */,
			);
			name = DropDownTests;
			productName = DropDownTests;
			productReference = E3BFFEF325716D9A000C63D6 /* DropDownTests.xctest */;
			productType = "com.apple.product-type.bundle.unit-test";
		};
		E3BFFEFD25716D9A000C63D6 /* DropDownUITests */ = {
			isa = PBXNativeTarget;
			buildConfigurationList = E3BFFF0D25716D9A000C63D6 /* Build configuration list for PBXNativeTarget "DropDownUITests" */;
			buildPhases = (
				E3BFFEFA25716D9A000C63D6 /* Sources */,
				E3BFFEFB25716D9A000C63D6 /* Frameworks */,
				E3BFFEFC25716D9A000C63D6 /* Resources */,
			);
			buildRules = (
			);
			dependencies = (
				E3BFFF0025716D9A000C63D6 /* PBXTargetDependency */,
			);
			name = DropDownUITests;
			productName = DropDownUITests;
			productReference = E3BFFEFE25716D9A000C63D6 /* DropDownUITests.xctest */;
			productType = "com.apple.product-type.bundle.ui-testing";
		};
/* End PBXNativeTarget section */

/* Begin PBXProject section */
		E3BFFED525716D96000C63D6 /* Project object */ = {
			isa = PBXProject;
			attributes = {
				LastSwiftUpdateCheck = 1170;
				LastUpgradeCheck = 1170;
				ORGANIZATIONNAME = "Jawad Ali";
				TargetAttributes = {
					E3BFFEDC25716D96000C63D6 = {
						CreatedOnToolsVersion = 11.7;
					};
					E3BFFEF225716D9A000C63D6 = {
						CreatedOnToolsVersion = 11.7;
						TestTargetID = E3BFFEDC25716D96000C63D6;
					};
					E3BFFEFD25716D9A000C63D6 = {
						CreatedOnToolsVersion = 11.7;
						TestTargetID = E3BFFEDC25716D96000C63D6;
					};
				};
			};
			buildConfigurationList = E3BFFED825716D96000C63D6 /* Build configuration list for PBXProject "DropDown" */;
			compatibilityVersion = "Xcode 9.3";
			developmentRegion = en;
			hasScannedForEncodings = 0;
			knownRegions = (
				en,
				Base,
			);
			mainGroup = E3BFFED425716D96000C63D6;
			productRefGroup = E3BFFEDE25716D96000C63D6 /* Products */;
			projectDirPath = "";
			projectRoot = "";
			targets = (
				E3BFFEDC25716D96000C63D6 /* DropDown */,
				E3BFFEF225716D9A000C63D6 /* DropDownTests */,
				E3BFFEFD25716D9A000C63D6 /* DropDownUITests */,
			);
		};
/* End PBXProject section */

/* Begin PBXResourcesBuildPhase section */
		E3BFFEDB25716D96000C63D6 /* Resources */ = {
			isa = PBXResourcesBuildPhase;
			buildActionMask = 2147483647;
			files = (
				E3BFFEED25716D99000C63D6 /* LaunchScreen.storyboard in Resources */,
				E3BFFEEA25716D99000C63D6 /* Assets.xcassets in Resources */,
				E3BFFEE825716D96000C63D6 /* Main.storyboard in Resources */,
			);
			runOnlyForDeploymentPostprocessing = 0;
		};
		E3BFFEF125716D9A000C63D6 /* Resources */ = {
			isa = PBXResourcesBuildPhase;
			buildActionMask = 2147483647;
			files = (
			);
			runOnlyForDeploymentPostprocessing = 0;
		};
		E3BFFEFC25716D9A000C63D6 /* Resources */ = {
			isa = PBXResourcesBuildPhase;
			buildActionMask = 2147483647;
			files = (
			);
			runOnlyForDeploymentPostprocessing = 0;
		};
/* End PBXResourcesBuildPhase section */

/* Begin PBXSourcesBuildPhase section */
		E3BFFED925716D96000C63D6 /* Sources */ = {
			isa = PBXSourcesBuildPhase;
			buildActionMask = 2147483647;
			files = (
				E3BFFF1725716EC2000C63D6 /* SlideInPresentationAnimator.swift in Sources */,
				E3BFFF1525716E6F000C63D6 /* UIView+Extension.swift in Sources */,
				E3BFFF1125716DC6000C63D6 /* PopupPresentationManager.swift in Sources */,
				E3BFFF1B2571709C000C63D6 /* DropDownViewController.swift in Sources */,
				E3BFFEE525716D96000C63D6 /* ViewController.swift in Sources */,
				E3BFFF3E2572616C000C63D6 /* UIImageViewFactory.swift in Sources */,
				E3BFFF2525725D9A000C63D6 /* TableViewCell.swift in Sources */,
				E3BFFEE125716D96000C63D6 /* AppDelegate.swift in Sources */,
				E3BFFF3D2572616C000C63D6 /* UILabelFactory.swift in Sources */,
				E3BFFF1325716E0B000C63D6 /* DimmedPopupPresentationController.swift in Sources */,
				E3BFFF2A257260E2000C63D6 /* Layouts.swift in Sources */,
				E3BFFEE325716D96000C63D6 /* SceneDelegate.swift in Sources */,
				E3BFFF412572BF69000C63D6 /* NavigationButton.swift in Sources */,
				E3BFFF29257260E2000C63D6 /* LayoutAttributes.swift in Sources */,
				E3BFFF3F2572616C000C63D6 /* UIStackViewFactory.swift in Sources */,
			);
			runOnlyForDeploymentPostprocessing = 0;
		};
		E3BFFEEF25716D9A000C63D6 /* Sources */ = {
			isa = PBXSourcesBuildPhase;
			buildActionMask = 2147483647;
			files = (
				E3BFFEF825716D9A000C63D6 /* DropDownTests.swift in Sources */,
			);
			runOnlyForDeploymentPostprocessing = 0;
		};
		E3BFFEFA25716D9A000C63D6 /* Sources */ = {
			isa = PBXSourcesBuildPhase;
			buildActionMask = 2147483647;
			files = (
				E3BFFF0325716D9A000C63D6 /* DropDownUITests.swift in Sources */,
			);
			runOnlyForDeploymentPostprocessing = 0;
		};
/* End PBXSourcesBuildPhase section */

/* Begin PBXTargetDependency section */
		E3BFFEF525716D9A000C63D6 /* PBXTargetDependency */ = {
			isa = PBXTargetDependency;
			target = E3BFFEDC25716D96000C63D6 /* DropDown */;
			targetProxy = E3BFFEF425716D9A000C63D6 /* PBXContainerItemProxy */;
		};
		E3BFFF0025716D9A000C63D6 /* PBXTargetDependency */ = {
			isa = PBXTargetDependency;
			target = E3BFFEDC25716D96000C63D6 /* DropDown */;
			targetProxy = E3BFFEFF25716D9A000C63D6 /* PBXContainerItemProxy */;
		};
/* End PBXTargetDependency section */

/* Begin PBXVariantGroup section */
		E3BFFEE625716D96000C63D6 /* Main.storyboard */ = {
			isa = PBXVariantGroup;
			children = (
				E3BFFEE725716D96000C63D6 /* Base */,
			);
			name = Main.storyboard;
			sourceTree = "<group>";
		};
		E3BFFEEB25716D99000C63D6 /* LaunchScreen.storyboard */ = {
			isa = PBXVariantGroup;
			children = (
				E3BFFEEC25716D99000C63D6 /* Base */,
			);
			name = LaunchScreen.storyboard;
			sourceTree = "<group>";
		};
/* End PBXVariantGroup section */

/* Begin XCBuildConfiguration section */
		E3BFFF0525716D9A000C63D6 /* Debug */ = {
			isa = XCBuildConfiguration;
			buildSettings = {
				ALWAYS_SEARCH_USER_PATHS = NO;
				CLANG_ANALYZER_NONNULL = YES;
				CLANG_ANALYZER_NUMBER_OBJECT_CONVERSION = YES_AGGRESSIVE;
				CLANG_CXX_LANGUAGE_STANDARD = "gnu++14";
				CLANG_CXX_LIBRARY = "libc++";
				CLANG_ENABLE_MODULES = YES;
				CLANG_ENABLE_OBJC_ARC = YES;
				CLANG_ENABLE_OBJC_WEAK = YES;
				CLANG_WARN_BLOCK_CAPTURE_AUTORELEASING = YES;
				CLANG_WARN_BOOL_CONVERSION = YES;
				CLANG_WARN_COMMA = YES;
				CLANG_WARN_CONSTANT_CONVERSION = YES;
				CLANG_WARN_DEPRECATED_OBJC_IMPLEMENTATIONS = YES;
				CLANG_WARN_DIRECT_OBJC_ISA_USAGE = YES_ERROR;
				CLANG_WARN_DOCUMENTATION_COMMENTS = YES;
				CLANG_WARN_EMPTY_BODY = YES;
				CLANG_WARN_ENUM_CONVERSION = YES;
				CLANG_WARN_INFINITE_RECURSION = YES;
				CLANG_WARN_INT_CONVERSION = YES;
				CLANG_WARN_NON_LITERAL_NULL_CONVERSION = YES;
				CLANG_WARN_OBJC_IMPLICIT_RETAIN_SELF = YES;
				CLANG_WARN_OBJC_LITERAL_CONVERSION = YES;
				CLANG_WARN_OBJC_ROOT_CLASS = YES_ERROR;
				CLANG_WARN_RANGE_LOOP_ANALYSIS = YES;
				CLANG_WARN_STRICT_PROTOTYPES = YES;
				CLANG_WARN_SUSPICIOUS_MOVE = YES;
				CLANG_WARN_UNGUARDED_AVAILABILITY = YES_AGGRESSIVE;
				CLANG_WARN_UNREACHABLE_CODE = YES;
				CLANG_WARN__DUPLICATE_METHOD_MATCH = YES;
				COPY_PHASE_STRIP = NO;
				DEBUG_INFORMATION_FORMAT = dwarf;
				ENABLE_STRICT_OBJC_MSGSEND = YES;
				ENABLE_TESTABILITY = YES;
				GCC_C_LANGUAGE_STANDARD = gnu11;
				GCC_DYNAMIC_NO_PIC = NO;
				GCC_NO_COMMON_BLOCKS = YES;
				GCC_OPTIMIZATION_LEVEL = 0;
				GCC_PREPROCESSOR_DEFINITIONS = (
					"DEBUG=1",
					"$(inherited)",
				);
				GCC_WARN_64_TO_32_BIT_CONVERSION = YES;
				GCC_WARN_ABOUT_RETURN_TYPE = YES_ERROR;
				GCC_WARN_UNDECLARED_SELECTOR = YES;
				GCC_WARN_UNINITIALIZED_AUTOS = YES_AGGRESSIVE;
				GCC_WARN_UNUSED_FUNCTION = YES;
				GCC_WARN_UNUSED_VARIABLE = YES;
				IPHONEOS_DEPLOYMENT_TARGET = 13.7;
				MTL_ENABLE_DEBUG_INFO = INCLUDE_SOURCE;
				MTL_FAST_MATH = YES;
				ONLY_ACTIVE_ARCH = YES;
				SDKROOT = iphoneos;
				SWIFT_ACTIVE_COMPILATION_CONDITIONS = DEBUG;
				SWIFT_OPTIMIZATION_LEVEL = "-Onone";
			};
			name = Debug;
		};
		E3BFFF0625716D9A000C63D6 /* Release */ = {
			isa = XCBuildConfiguration;
			buildSettings = {
				ALWAYS_SEARCH_USER_PATHS = NO;
				CLANG_ANALYZER_NONNULL = YES;
				CLANG_ANALYZER_NUMBER_OBJECT_CONVERSION = YES_AGGRESSIVE;
				CLANG_CXX_LANGUAGE_STANDARD = "gnu++14";
				CLANG_CXX_LIBRARY = "libc++";
				CLANG_ENABLE_MODULES = YES;
				CLANG_ENABLE_OBJC_ARC = YES;
				CLANG_ENABLE_OBJC_WEAK = YES;
				CLANG_WARN_BLOCK_CAPTURE_AUTORELEASING = YES;
				CLANG_WARN_BOOL_CONVERSION = YES;
				CLANG_WARN_COMMA = YES;
				CLANG_WARN_CONSTANT_CONVERSION = YES;
				CLANG_WARN_DEPRECATED_OBJC_IMPLEMENTATIONS = YES;
				CLANG_WARN_DIRECT_OBJC_ISA_USAGE = YES_ERROR;
				CLANG_WARN_DOCUMENTATION_COMMENTS = YES;
				CLANG_WARN_EMPTY_BODY = YES;
				CLANG_WARN_ENUM_CONVERSION = YES;
				CLANG_WARN_INFINITE_RECURSION = YES;
				CLANG_WARN_INT_CONVERSION = YES;
				CLANG_WARN_NON_LITERAL_NULL_CONVERSION = YES;
				CLANG_WARN_OBJC_IMPLICIT_RETAIN_SELF = YES;
				CLANG_WARN_OBJC_LITERAL_CONVERSION = YES;
				CLANG_WARN_OBJC_ROOT_CLASS = YES_ERROR;
				CLANG_WARN_RANGE_LOOP_ANALYSIS = YES;
				CLANG_WARN_STRICT_PROTOTYPES = YES;
				CLANG_WARN_SUSPICIOUS_MOVE = YES;
				CLANG_WARN_UNGUARDED_AVAILABILITY = YES_AGGRESSIVE;
				CLANG_WARN_UNREACHABLE_CODE = YES;
				CLANG_WARN__DUPLICATE_METHOD_MATCH = YES;
				COPY_PHASE_STRIP = NO;
				DEBUG_INFORMATION_FORMAT = "dwarf-with-dsym";
				ENABLE_NS_ASSERTIONS = NO;
				ENABLE_STRICT_OBJC_MSGSEND = YES;
				GCC_C_LANGUAGE_STANDARD = gnu11;
				GCC_NO_COMMON_BLOCKS = YES;
				GCC_WARN_64_TO_32_BIT_CONVERSION = YES;
				GCC_WARN_ABOUT_RETURN_TYPE = YES_ERROR;
				GCC_WARN_UNDECLARED_SELECTOR = YES;
				GCC_WARN_UNINITIALIZED_AUTOS = YES_AGGRESSIVE;
				GCC_WARN_UNUSED_FUNCTION = YES;
				GCC_WARN_UNUSED_VARIABLE = YES;
				IPHONEOS_DEPLOYMENT_TARGET = 13.7;
				MTL_ENABLE_DEBUG_INFO = NO;
				MTL_FAST_MATH = YES;
				SDKROOT = iphoneos;
				SWIFT_COMPILATION_MODE = wholemodule;
				SWIFT_OPTIMIZATION_LEVEL = "-O";
				VALIDATE_PRODUCT = YES;
			};
			name = Release;
		};
		E3BFFF0825716D9A000C63D6 /* Debug */ = {
			isa = XCBuildConfiguration;
			buildSettings = {
				ASSETCATALOG_COMPILER_APPICON_NAME = AppIcon;
				CODE_SIGN_STYLE = Automatic;
				DEVELOPMENT_TEAM = 7VBQS7JDYT;
				INFOPLIST_FILE = DropDown/Info.plist;
				IPHONEOS_DEPLOYMENT_TARGET = 13.0;
				LD_RUNPATH_SEARCH_PATHS = (
					"$(inherited)",
					"@executable_path/Frameworks",
				);
				PRODUCT_BUNDLE_IDENTIFIER = XeroT.DropDown;
				PRODUCT_NAME = "$(TARGET_NAME)";
				SWIFT_VERSION = 5.0;
				TARGETED_DEVICE_FAMILY = "1,2";
			};
			name = Debug;
		};
		E3BFFF0925716D9A000C63D6 /* Release */ = {
			isa = XCBuildConfiguration;
			buildSettings = {
				ASSETCATALOG_COMPILER_APPICON_NAME = AppIcon;
				CODE_SIGN_STYLE = Automatic;
				DEVELOPMENT_TEAM = 7VBQS7JDYT;
				INFOPLIST_FILE = DropDown/Info.plist;
				IPHONEOS_DEPLOYMENT_TARGET = 13.0;
				LD_RUNPATH_SEARCH_PATHS = (
					"$(inherited)",
					"@executable_path/Frameworks",
				);
				PRODUCT_BUNDLE_IDENTIFIER = XeroT.DropDown;
				PRODUCT_NAME = "$(TARGET_NAME)";
				SWIFT_VERSION = 5.0;
				TARGETED_DEVICE_FAMILY = "1,2";
			};
			name = Release;
		};
		E3BFFF0B25716D9A000C63D6 /* Debug */ = {
			isa = XCBuildConfiguration;
			buildSettings = {
				ALWAYS_EMBED_SWIFT_STANDARD_LIBRARIES = YES;
				BUNDLE_LOADER = "$(TEST_HOST)";
				CODE_SIGN_STYLE = Automatic;
				DEVELOPMENT_TEAM = 7VBQS7JDYT;
				INFOPLIST_FILE = DropDownTests/Info.plist;
				IPHONEOS_DEPLOYMENT_TARGET = 13.7;
				LD_RUNPATH_SEARCH_PATHS = (
					"$(inherited)",
					"@executable_path/Frameworks",
					"@loader_path/Frameworks",
				);
				PRODUCT_BUNDLE_IDENTIFIER = XeroT.DropDownTests;
				PRODUCT_NAME = "$(TARGET_NAME)";
				SWIFT_VERSION = 5.0;
				TARGETED_DEVICE_FAMILY = "1,2";
				TEST_HOST = "$(BUILT_PRODUCTS_DIR)/DropDown.app/DropDown";
			};
			name = Debug;
		};
		E3BFFF0C25716D9A000C63D6 /* Release */ = {
			isa = XCBuildConfiguration;
			buildSettings = {
				ALWAYS_EMBED_SWIFT_STANDARD_LIBRARIES = YES;
				BUNDLE_LOADER = "$(TEST_HOST)";
				CODE_SIGN_STYLE = Automatic;
				DEVELOPMENT_TEAM = 7VBQS7JDYT;
				INFOPLIST_FILE = DropDownTests/Info.plist;
				IPHONEOS_DEPLOYMENT_TARGET = 13.7;
				LD_RUNPATH_SEARCH_PATHS = (
					"$(inherited)",
					"@executable_path/Frameworks",
					"@loader_path/Frameworks",
				);
				PRODUCT_BUNDLE_IDENTIFIER = XeroT.DropDownTests;
				PRODUCT_NAME = "$(TARGET_NAME)";
				SWIFT_VERSION = 5.0;
				TARGETED_DEVICE_FAMILY = "1,2";
				TEST_HOST = "$(BUILT_PRODUCTS_DIR)/DropDown.app/DropDown";
			};
			name = Release;
		};
		E3BFFF0E25716D9A000C63D6 /* Debug */ = {
			isa = XCBuildConfiguration;
			buildSettings = {
				ALWAYS_EMBED_SWIFT_STANDARD_LIBRARIES = YES;
				CODE_SIGN_STYLE = Automatic;
				DEVELOPMENT_TEAM = 7VBQS7JDYT;
				INFOPLIST_FILE = DropDownUITests/Info.plist;
				LD_RUNPATH_SEARCH_PATHS = (
					"$(inherited)",
					"@executable_path/Frameworks",
					"@loader_path/Frameworks",
				);
				PRODUCT_BUNDLE_IDENTIFIER = XeroT.DropDownUITests;
				PRODUCT_NAME = "$(TARGET_NAME)";
				SWIFT_VERSION = 5.0;
				TARGETED_DEVICE_FAMILY = "1,2";
				TEST_TARGET_NAME = DropDown;
			};
			name = Debug;
		};
		E3BFFF0F25716D9A000C63D6 /* Release */ = {
			isa = XCBuildConfiguration;
			buildSettings = {
				ALWAYS_EMBED_SWIFT_STANDARD_LIBRARIES = YES;
				CODE_SIGN_STYLE = Automatic;
				DEVELOPMENT_TEAM = 7VBQS7JDYT;
				INFOPLIST_FILE = DropDownUITests/Info.plist;
				LD_RUNPATH_SEARCH_PATHS = (
					"$(inherited)",
					"@executable_path/Frameworks",
					"@loader_path/Frameworks",
				);
				PRODUCT_BUNDLE_IDENTIFIER = XeroT.DropDownUITests;
				PRODUCT_NAME = "$(TARGET_NAME)";
				SWIFT_VERSION = 5.0;
				TARGETED_DEVICE_FAMILY = "1,2";
				TEST_TARGET_NAME = DropDown;
			};
			name = Release;
		};
/* End XCBuildConfiguration section */

/* Begin XCConfigurationList section */
		E3BFFED825716D96000C63D6 /* Build configuration list for PBXProject "DropDown" */ = {
			isa = XCConfigurationList;
			buildConfigurations = (
				E3BFFF0525716D9A000C63D6 /* Debug */,
				E3BFFF0625716D9A000C63D6 /* Release */,
			);
			defaultConfigurationIsVisible = 0;
			defaultConfigurationName = Release;
		};
		E3BFFF0725716D9A000C63D6 /* Build configuration list for PBXNativeTarget "DropDown" */ = {
			isa = XCConfigurationList;
			buildConfigurations = (
				E3BFFF0825716D9A000C63D6 /* Debug */,
				E3BFFF0925716D9A000C63D6 /* Release */,
			);
			defaultConfigurationIsVisible = 0;
			defaultConfigurationName = Release;
		};
		E3BFFF0A25716D9A000C63D6 /* Build configuration list for PBXNativeTarget "DropDownTests" */ = {
			isa = XCConfigurationList;
			buildConfigurations = (
				E3BFFF0B25716D9A000C63D6 /* Debug */,
				E3BFFF0C25716D9A000C63D6 /* Release */,
			);
			defaultConfigurationIsVisible = 0;
			defaultConfigurationName = Release;
		};
		E3BFFF0D25716D9A000C63D6 /* Build configuration list for PBXNativeTarget "DropDownUITests" */ = {
			isa = XCConfigurationList;
			buildConfigurations = (
				E3BFFF0E25716D9A000C63D6 /* Debug */,
				E3BFFF0F25716D9A000C63D6 /* Release */,
			);
			defaultConfigurationIsVisible = 0;
			defaultConfigurationName = Release;
		};
/* End XCConfigurationList section */
	};
	rootObject = E3BFFED525716D96000C63D6 /* Project object */;
}
